// !$*UTF8*$!
{
	archiveVersion = 1;
	classes = {
	};
	objectVersion = 50;
	objects = {

/* Begin PBXBuildFile section */
		46D96699001E8E0ADA53B122 /* Pods_Dash.framework in Frameworks */ = {isa = PBXBuildFile; fileRef = 48E116B7F729B1F4C488C9D2 /* Pods_Dash.framework */; };
		7614C0422254AA17006321C8 /* PlayerController.swift in Sources */ = {isa = PBXBuildFile; fileRef = 7614C0412254AA17006321C8 /* PlayerController.swift */; };
		763327D922631EF400C25F29 /* StartScene.sks in Resources */ = {isa = PBXBuildFile; fileRef = 763327D822631EF400C25F29 /* StartScene.sks */; };
		763327DB22631EFE00C25F29 /* StartScene.swift in Sources */ = {isa = PBXBuildFile; fileRef = 763327DA22631EFE00C25F29 /* StartScene.swift */; };
		763327DD22632B3100C25F29 /* MainMenuScene.sks in Resources */ = {isa = PBXBuildFile; fileRef = 763327DC22632B3100C25F29 /* MainMenuScene.sks */; };
		763327DF22632B4C00C25F29 /* MainMenuScene.swift in Sources */ = {isa = PBXBuildFile; fileRef = 763327DE22632B4C00C25F29 /* MainMenuScene.swift */; };
		763327E12263670D00C25F29 /* MissionsScene.sks in Resources */ = {isa = PBXBuildFile; fileRef = 763327E02263670D00C25F29 /* MissionsScene.sks */; };
		763327E32263671900C25F29 /* MissionsScene.swift in Sources */ = {isa = PBXBuildFile; fileRef = 763327E22263671900C25F29 /* MissionsScene.swift */; };
		763327EA2263959200C25F29 /* GameOverScene.sks in Resources */ = {isa = PBXBuildFile; fileRef = 763327E92263959200C25F29 /* GameOverScene.sks */; };
		763327EC226395A300C25F29 /* GameOverScene.swift in Sources */ = {isa = PBXBuildFile; fileRef = 763327EB226395A300C25F29 /* GameOverScene.swift */; };
		763327EE2263979400C25F29 /* GameScene+Observer.swift in Sources */ = {isa = PBXBuildFile; fileRef = 763327ED2263979400C25F29 /* GameScene+Observer.swift */; };
		7641740522587D180044D010 /* MenuScene.sks in Resources */ = {isa = PBXBuildFile; fileRef = 7641740422587D180044D010 /* MenuScene.sks */; };
		7641740722587F230044D010 /* MenuScene.swift in Sources */ = {isa = PBXBuildFile; fileRef = 7641740622587F230044D010 /* MenuScene.swift */; };
		7662A5A42257882C003C00D1 /* GlideController.swift in Sources */ = {isa = PBXBuildFile; fileRef = 7662A5A32257882C003C00D1 /* GlideController.swift */; };
		7662A5A722578899003C00D1 /* ArrowController.swift in Sources */ = {isa = PBXBuildFile; fileRef = 7662A5A622578899003C00D1 /* ArrowController.swift */; };
		7662A5A922578901003C00D1 /* FlappyController.swift in Sources */ = {isa = PBXBuildFile; fileRef = 7662A5A822578901003C00D1 /* FlappyController.swift */; };
		76B0D903225E4B2200D9741D /* MissionManager.swift in Sources */ = {isa = PBXBuildFile; fileRef = 76B0D902225E4B2200D9741D /* MissionManager.swift */; };
		76C0DBA6225E729800AC5C5F /* MissionType.swift in Sources */ = {isa = PBXBuildFile; fileRef = 76C0DBA5225E729800AC5C5F /* MissionType.swift */; };
		76C0DBAA225EF18D00AC5C5F /* MissionNode.swift in Sources */ = {isa = PBXBuildFile; fileRef = 76C0DBA9225EF18D00AC5C5F /* MissionNode.swift */; };
		76C0DBAC225EF41B00AC5C5F /* Mission.swift in Sources */ = {isa = PBXBuildFile; fileRef = 76C0DBAB225EF41B00AC5C5F /* Mission.swift */; };
		76C0DBAF225F537800AC5C5F /* Storage.swift in Sources */ = {isa = PBXBuildFile; fileRef = 76C0DBAE225F537800AC5C5F /* Storage.swift */; };
		B937AD4F22636E5A00ACDA9D /* HighScoreProvider.swift in Sources */ = {isa = PBXBuildFile; fileRef = B937AD4E22636E5A00ACDA9D /* HighScoreProvider.swift */; };
		B937AD5122636E9000ACDA9D /* HighScoreCategory.swift in Sources */ = {isa = PBXBuildFile; fileRef = B937AD5022636E9000ACDA9D /* HighScoreCategory.swift */; };
		B937AD532263703000ACDA9D /* FirebaseHighScoreProvider.swift in Sources */ = {isa = PBXBuildFile; fileRef = B937AD522263703000ACDA9D /* FirebaseHighScoreProvider.swift */; };
		B937AD572263737D00ACDA9D /* FirebaseInstance.swift in Sources */ = {isa = PBXBuildFile; fileRef = B937AD562263737D00ACDA9D /* FirebaseInstance.swift */; };
		B937AD592263756E00ACDA9D /* LocalHighScoreProvider.swift in Sources */ = {isa = PBXBuildFile; fileRef = B937AD582263756E00ACDA9D /* LocalHighScoreProvider.swift */; };
		B937AD5B2263766600ACDA9D /* HighScoreRecord.swift in Sources */ = {isa = PBXBuildFile; fileRef = B937AD5A2263766600ACDA9D /* HighScoreRecord.swift */; };
		B937AD5D2264369D00ACDA9D /* GameMode.swift in Sources */ = {isa = PBXBuildFile; fileRef = B937AD5C2264369D00ACDA9D /* GameMode.swift */; };
		B95B55EB224DF537006051E7 /* Action.swift in Sources */ = {isa = PBXBuildFile; fileRef = B95B55EA224DF537006051E7 /* Action.swift */; };
		B95B55EF224DF648006051E7 /* ActionType.swift in Sources */ = {isa = PBXBuildFile; fileRef = B95B55EE224DF648006051E7 /* ActionType.swift */; };
		B95B55F1224DFD2B006051E7 /* StartViewController.swift in Sources */ = {isa = PBXBuildFile; fileRef = B95B55F0224DFD2B006051E7 /* StartViewController.swift */; };
		B95B55F3224E0146006051E7 /* NetworkManager.swift in Sources */ = {isa = PBXBuildFile; fileRef = B95B55F2224E0146006051E7 /* NetworkManager.swift */; };
		B9FD502D2259C9E2008C074D /* GoogleService-Info.plist in Resources */ = {isa = PBXBuildFile; fileRef = B9FD502C2259C9E2008C074D /* GoogleService-Info.plist */; };
		B9FD50302259CBEC008C074D /* Networkable.swift in Sources */ = {isa = PBXBuildFile; fileRef = B9FD502F2259CBEC008C074D /* Networkable.swift */; };
		B9FD50322259CE6B008C074D /* FirebaseNetwork.swift in Sources */ = {isa = PBXBuildFile; fileRef = B9FD50312259CE6B008C074D /* FirebaseNetwork.swift */; };
		B9FD5042225AE9DC008C074D /* Envelope.swift in Sources */ = {isa = PBXBuildFile; fileRef = B9FD5041225AE9DC008C074D /* Envelope.swift */; };
		B9FD5046225AF7A4008C074D /* GamePayload.swift in Sources */ = {isa = PBXBuildFile; fileRef = B9FD5045225AF7A3008C074D /* GamePayload.swift */; };
		B9FD5048225AFD67008C074D /* Codable+Dictionary.swift in Sources */ = {isa = PBXBuildFile; fileRef = B9FD5047225AFD67008C074D /* Codable+Dictionary.swift */; };
		B9FD504A225B41B2008C074D /* Room.swift in Sources */ = {isa = PBXBuildFile; fileRef = B9FD5049225B41B2008C074D /* Room.swift */; };
		B9FD504C225B4691008C074D /* RoomViewController.swift in Sources */ = {isa = PBXBuildFile; fileRef = B9FD504B225B4691008C074D /* RoomViewController.swift */; };
		D7037B142245FE3F008D2990 /* arrow.atlas in Resources */ = {isa = PBXBuildFile; fileRef = D7037B132245FE3E008D2990 /* arrow.atlas */; };
		D7037B16224602C8008D2990 /* GameTexture.swift in Sources */ = {isa = PBXBuildFile; fileRef = D7037B15224602C8008D2990 /* GameTexture.swift */; };
		D7037B2322462F3D008D2990 /* background.png in Resources */ = {isa = PBXBuildFile; fileRef = D7037B2222462F3D008D2990 /* background.png */; };
		D7037B272246909B008D2990 /* CharacterType.swift in Sources */ = {isa = PBXBuildFile; fileRef = D7037B262246909B008D2990 /* CharacterType.swift */; };
		D71C7DCD225A34B50080335C /* MovingObject.swift in Sources */ = {isa = PBXBuildFile; fileRef = D71C7DCC225A34B50080335C /* MovingObject.swift */; };
		D731D4C822414077006D5717 /* WallNode.swift in Sources */ = {isa = PBXBuildFile; fileRef = D731D4C722414077006D5717 /* WallNode.swift */; };
		D731D4CA224140C6006D5717 /* Constants.swift in Sources */ = {isa = PBXBuildFile; fileRef = D731D4C9224140C6006D5717 /* Constants.swift */; };
		D731D4CE224145AA006D5717 /* ObstacleGenerator.swift in Sources */ = {isa = PBXBuildFile; fileRef = D731D4CD224145AA006D5717 /* ObstacleGenerator.swift */; };
		D731D4D0224253AF006D5717 /* ButtonNode.swift in Sources */ = {isa = PBXBuildFile; fileRef = D731D4CF224253AF006D5717 /* ButtonNode.swift */; };
		D731D4D2224253F3006D5717 /* ScoreNode.swift in Sources */ = {isa = PBXBuildFile; fileRef = D731D4D1224253F3006D5717 /* ScoreNode.swift */; };
		D731D4D422425429006D5717 /* Wall.swift in Sources */ = {isa = PBXBuildFile; fileRef = D731D4D322425429006D5717 /* Wall.swift */; };
		D731D4D92242546A006D5717 /* Obstacle.swift in Sources */ = {isa = PBXBuildFile; fileRef = D731D4D82242546A006D5717 /* Obstacle.swift */; };
		D731D4DB2242547E006D5717 /* Player.swift in Sources */ = {isa = PBXBuildFile; fileRef = D731D4DA2242547E006D5717 /* Player.swift */; };
		D731D4DD224255C9006D5717 /* Observer.swift in Sources */ = {isa = PBXBuildFile; fileRef = D731D4DC224255C9006D5717 /* Observer.swift */; };
		D731D4DF224255EB006D5717 /* Observable.swift in Sources */ = {isa = PBXBuildFile; fileRef = D731D4DE224255EB006D5717 /* Observable.swift */; };
		D731D4E12243CBDC006D5717 /* WallGenerator.swift in Sources */ = {isa = PBXBuildFile; fileRef = D731D4E02243CBDC006D5717 /* WallGenerator.swift */; };
		D731D4E32243DD6A006D5717 /* GameModel.swift in Sources */ = {isa = PBXBuildFile; fileRef = D731D4E22243DD6A006D5717 /* GameModel.swift */; };
		D731D4E52243DD87006D5717 /* GameEngine.swift in Sources */ = {isa = PBXBuildFile; fileRef = D731D4E42243DD87006D5717 /* GameEngine.swift */; };
		D73E13332263011A00A19A1E /* MovingObjectType.swift in Sources */ = {isa = PBXBuildFile; fileRef = D73E13322263011A00A19A1E /* MovingObjectType.swift */; };
		D73E13352263380D00A19A1E /* GameParameters.swift in Sources */ = {isa = PBXBuildFile; fileRef = D73E13342263380D00A19A1E /* GameParameters.swift */; };
		D7684500225337FF00A4F96A /* Point.swift in Sources */ = {isa = PBXBuildFile; fileRef = D76844FF225337FF00A4F96A /* Point.swift */; };
		D7B976732255F22D009DCEEF /* SeededGenerator.swift in Sources */ = {isa = PBXBuildFile; fileRef = D7B976722255F22D009DCEEF /* SeededGenerator.swift */; };
		D7B9767522562673009DCEEF /* Path.swift in Sources */ = {isa = PBXBuildFile; fileRef = D7B9767422562673009DCEEF /* Path.swift */; };
		D7B97677225626C2009DCEEF /* PathGenerator.swift in Sources */ = {isa = PBXBuildFile; fileRef = D7B97676225626C2009DCEEF /* PathGenerator.swift */; };
		D7B976792256271A009DCEEF /* UIBezierPath+Point.swift in Sources */ = {isa = PBXBuildFile; fileRef = D7B976782256271A009DCEEF /* UIBezierPath+Point.swift */; };
		D7CFAFD8223F7B4B002FA5F5 /* AppDelegate.swift in Sources */ = {isa = PBXBuildFile; fileRef = D7CFAFD7223F7B4B002FA5F5 /* AppDelegate.swift */; };
		D7CFAFDA223F7B4B002FA5F5 /* GameScene.sks in Resources */ = {isa = PBXBuildFile; fileRef = D7CFAFD9223F7B4B002FA5F5 /* GameScene.sks */; };
		D7CFAFDC223F7B4B002FA5F5 /* Actions.sks in Resources */ = {isa = PBXBuildFile; fileRef = D7CFAFDB223F7B4B002FA5F5 /* Actions.sks */; };
		D7CFAFDE223F7B4B002FA5F5 /* GameScene.swift in Sources */ = {isa = PBXBuildFile; fileRef = D7CFAFDD223F7B4B002FA5F5 /* GameScene.swift */; };
		D7CFAFE0223F7B4B002FA5F5 /* GameViewController.swift in Sources */ = {isa = PBXBuildFile; fileRef = D7CFAFDF223F7B4B002FA5F5 /* GameViewController.swift */; };
		D7CFAFE3223F7B4B002FA5F5 /* Main.storyboard in Resources */ = {isa = PBXBuildFile; fileRef = D7CFAFE1223F7B4B002FA5F5 /* Main.storyboard */; };
		D7CFAFE5223F7B4D002FA5F5 /* Assets.xcassets in Resources */ = {isa = PBXBuildFile; fileRef = D7CFAFE4223F7B4D002FA5F5 /* Assets.xcassets */; };
		D7CFAFE8223F7B4D002FA5F5 /* LaunchScreen.storyboard in Resources */ = {isa = PBXBuildFile; fileRef = D7CFAFE6223F7B4D002FA5F5 /* LaunchScreen.storyboard */; };
		D7CFAFF1223F8315002FA5F5 /* PlayerNode.swift in Sources */ = {isa = PBXBuildFile; fileRef = D7CFAFF0223F8315002FA5F5 /* PlayerNode.swift */; };
		D7CFAFF4223F8424002FA5F5 /* ObstacleNode.swift in Sources */ = {isa = PBXBuildFile; fileRef = D7CFAFF3223F8424002FA5F5 /* ObstacleNode.swift */; };
		D7CFAFF6223F85B2002FA5F5 /* BackgroundNode.swift in Sources */ = {isa = PBXBuildFile; fileRef = D7CFAFF5223F85B2002FA5F5 /* BackgroundNode.swift */; };
		D7D427CC225922F5002912C3 /* PowerUpNode.swift in Sources */ = {isa = PBXBuildFile; fileRef = D7D427CB225922F5002912C3 /* PowerUpNode.swift */; };
		D7D427CE2259231C002912C3 /* PowerUp.swift in Sources */ = {isa = PBXBuildFile; fileRef = D7D427CD2259231C002912C3 /* PowerUp.swift */; };
		D7D427D1225923E8002912C3 /* PowerUpGenerator.swift in Sources */ = {isa = PBXBuildFile; fileRef = D7D427D0225923E8002912C3 /* PowerUpGenerator.swift */; };
		D7D427D92259275F002912C3 /* DashTests.swift in Sources */ = {isa = PBXBuildFile; fileRef = D7D427D82259275F002912C3 /* DashTests.swift */; };
		D7D427E122592774002912C3 /* GameModelTests.swift in Sources */ = {isa = PBXBuildFile; fileRef = D7D427E022592774002912C3 /* GameModelTests.swift */; };
		D7D427E3225927A9002912C3 /* GeneratorTests.swift in Sources */ = {isa = PBXBuildFile; fileRef = D7D427E2225927A9002912C3 /* GeneratorTests.swift */; };
		D7F17100225C5A5A00096B34 /* PathGeneratorV2.swift in Sources */ = {isa = PBXBuildFile; fileRef = D7F170FF225C5A5A00096B34 /* PathGeneratorV2.swift */; };
		D7F17104225CE2FB00096B34 /* ObstacleType.swift in Sources */ = {isa = PBXBuildFile; fileRef = D7F17103225CE2FB00096B34 /* ObstacleType.swift */; };
		D7F17106225CE43400096B34 /* Queue.swift in Sources */ = {isa = PBXBuildFile; fileRef = D7F17105225CE43400096B34 /* Queue.swift */; };
/* End PBXBuildFile section */

/* Begin PBXContainerItemProxy section */
		D7D427DB2259275F002912C3 /* PBXContainerItemProxy */ = {
			isa = PBXContainerItemProxy;
			containerPortal = D7CFAFCC223F7B4B002FA5F5 /* Project object */;
			proxyType = 1;
			remoteGlobalIDString = D7CFAFD3223F7B4B002FA5F5;
			remoteInfo = Dash;
		};
/* End PBXContainerItemProxy section */

/* Begin PBXFileReference section */
		0551661526793BAE19D92169 /* Pods-Dash.release.xcconfig */ = {isa = PBXFileReference; includeInIndex = 1; lastKnownFileType = text.xcconfig; name = "Pods-Dash.release.xcconfig"; path = "Pods/Target Support Files/Pods-Dash/Pods-Dash.release.xcconfig"; sourceTree = "<group>"; };
		48E116B7F729B1F4C488C9D2 /* Pods_Dash.framework */ = {isa = PBXFileReference; explicitFileType = wrapper.framework; includeInIndex = 0; path = Pods_Dash.framework; sourceTree = BUILT_PRODUCTS_DIR; };
		7614C0412254AA17006321C8 /* PlayerController.swift */ = {isa = PBXFileReference; lastKnownFileType = sourcecode.swift; path = PlayerController.swift; sourceTree = "<group>"; };
		763327D822631EF400C25F29 /* StartScene.sks */ = {isa = PBXFileReference; lastKnownFileType = file.sks; path = StartScene.sks; sourceTree = "<group>"; };
		763327DA22631EFE00C25F29 /* StartScene.swift */ = {isa = PBXFileReference; lastKnownFileType = sourcecode.swift; path = StartScene.swift; sourceTree = "<group>"; };
		763327DC22632B3100C25F29 /* MainMenuScene.sks */ = {isa = PBXFileReference; lastKnownFileType = file.sks; path = MainMenuScene.sks; sourceTree = "<group>"; };
		763327DE22632B4C00C25F29 /* MainMenuScene.swift */ = {isa = PBXFileReference; lastKnownFileType = sourcecode.swift; path = MainMenuScene.swift; sourceTree = "<group>"; };
		763327E02263670D00C25F29 /* MissionsScene.sks */ = {isa = PBXFileReference; lastKnownFileType = file.sks; path = MissionsScene.sks; sourceTree = "<group>"; };
		763327E22263671900C25F29 /* MissionsScene.swift */ = {isa = PBXFileReference; lastKnownFileType = sourcecode.swift; path = MissionsScene.swift; sourceTree = "<group>"; };
		763327E92263959200C25F29 /* GameOverScene.sks */ = {isa = PBXFileReference; lastKnownFileType = file.sks; path = GameOverScene.sks; sourceTree = "<group>"; };
		763327EB226395A300C25F29 /* GameOverScene.swift */ = {isa = PBXFileReference; lastKnownFileType = sourcecode.swift; path = GameOverScene.swift; sourceTree = "<group>"; };
		763327ED2263979400C25F29 /* GameScene+Observer.swift */ = {isa = PBXFileReference; lastKnownFileType = sourcecode.swift; path = "GameScene+Observer.swift"; sourceTree = "<group>"; };
		7641740422587D180044D010 /* MenuScene.sks */ = {isa = PBXFileReference; lastKnownFileType = file.sks; path = MenuScene.sks; sourceTree = "<group>"; };
		7641740622587F230044D010 /* MenuScene.swift */ = {isa = PBXFileReference; lastKnownFileType = sourcecode.swift; path = MenuScene.swift; sourceTree = "<group>"; };
		7662A5A32257882C003C00D1 /* GlideController.swift */ = {isa = PBXFileReference; lastKnownFileType = sourcecode.swift; path = GlideController.swift; sourceTree = "<group>"; };
		7662A5A622578899003C00D1 /* ArrowController.swift */ = {isa = PBXFileReference; lastKnownFileType = sourcecode.swift; path = ArrowController.swift; sourceTree = "<group>"; };
		7662A5A822578901003C00D1 /* FlappyController.swift */ = {isa = PBXFileReference; lastKnownFileType = sourcecode.swift; path = FlappyController.swift; sourceTree = "<group>"; };
		76B0D902225E4B2200D9741D /* MissionManager.swift */ = {isa = PBXFileReference; lastKnownFileType = sourcecode.swift; path = MissionManager.swift; sourceTree = "<group>"; };
		76C0DBA5225E729800AC5C5F /* MissionType.swift */ = {isa = PBXFileReference; lastKnownFileType = sourcecode.swift; path = MissionType.swift; sourceTree = "<group>"; };
		76C0DBA9225EF18D00AC5C5F /* MissionNode.swift */ = {isa = PBXFileReference; lastKnownFileType = sourcecode.swift; path = MissionNode.swift; sourceTree = "<group>"; };
		76C0DBAB225EF41B00AC5C5F /* Mission.swift */ = {isa = PBXFileReference; lastKnownFileType = sourcecode.swift; path = Mission.swift; sourceTree = "<group>"; };
		76C0DBAE225F537800AC5C5F /* Storage.swift */ = {isa = PBXFileReference; lastKnownFileType = sourcecode.swift; path = Storage.swift; sourceTree = "<group>"; };
		B937AD4E22636E5A00ACDA9D /* HighScoreProvider.swift */ = {isa = PBXFileReference; lastKnownFileType = sourcecode.swift; path = HighScoreProvider.swift; sourceTree = "<group>"; };
		B937AD5022636E9000ACDA9D /* HighScoreCategory.swift */ = {isa = PBXFileReference; lastKnownFileType = sourcecode.swift; path = HighScoreCategory.swift; sourceTree = "<group>"; };
		B937AD522263703000ACDA9D /* FirebaseHighScoreProvider.swift */ = {isa = PBXFileReference; lastKnownFileType = sourcecode.swift; path = FirebaseHighScoreProvider.swift; sourceTree = "<group>"; };
		B937AD562263737D00ACDA9D /* FirebaseInstance.swift */ = {isa = PBXFileReference; lastKnownFileType = sourcecode.swift; path = FirebaseInstance.swift; sourceTree = "<group>"; };
		B937AD582263756E00ACDA9D /* LocalHighScoreProvider.swift */ = {isa = PBXFileReference; lastKnownFileType = sourcecode.swift; path = LocalHighScoreProvider.swift; sourceTree = "<group>"; };
		B937AD5A2263766600ACDA9D /* HighScoreRecord.swift */ = {isa = PBXFileReference; lastKnownFileType = sourcecode.swift; path = HighScoreRecord.swift; sourceTree = "<group>"; };
		B937AD5C2264369D00ACDA9D /* GameMode.swift */ = {isa = PBXFileReference; lastKnownFileType = sourcecode.swift; path = GameMode.swift; sourceTree = "<group>"; };
		B95B55EA224DF537006051E7 /* Action.swift */ = {isa = PBXFileReference; lastKnownFileType = sourcecode.swift; path = Action.swift; sourceTree = "<group>"; };
		B95B55EE224DF648006051E7 /* ActionType.swift */ = {isa = PBXFileReference; lastKnownFileType = sourcecode.swift; path = ActionType.swift; sourceTree = "<group>"; };
		B95B55F0224DFD2B006051E7 /* StartViewController.swift */ = {isa = PBXFileReference; lastKnownFileType = sourcecode.swift; path = StartViewController.swift; sourceTree = "<group>"; };
		B95B55F2224E0146006051E7 /* NetworkManager.swift */ = {isa = PBXFileReference; lastKnownFileType = sourcecode.swift; path = NetworkManager.swift; sourceTree = "<group>"; };
		B9FD502C2259C9E2008C074D /* GoogleService-Info.plist */ = {isa = PBXFileReference; fileEncoding = 4; lastKnownFileType = text.plist.xml; path = "GoogleService-Info.plist"; sourceTree = "<group>"; };
		B9FD502F2259CBEC008C074D /* Networkable.swift */ = {isa = PBXFileReference; lastKnownFileType = sourcecode.swift; path = Networkable.swift; sourceTree = "<group>"; };
		B9FD50312259CE6B008C074D /* FirebaseNetwork.swift */ = {isa = PBXFileReference; lastKnownFileType = sourcecode.swift; path = FirebaseNetwork.swift; sourceTree = "<group>"; };
		B9FD5033225AE323008C074D /* FirebaseCore.framework */ = {isa = PBXFileReference; explicitFileType = wrapper.framework; path = FirebaseCore.framework; sourceTree = BUILT_PRODUCTS_DIR; };
		B9FD5035225AE323008C074D /* FirebaseDatabase.framework */ = {isa = PBXFileReference; explicitFileType = wrapper.framework; path = FirebaseDatabase.framework; sourceTree = BUILT_PRODUCTS_DIR; };
		B9FD5037225AE323008C074D /* FirebaseInstanceID.framework */ = {isa = PBXFileReference; explicitFileType = wrapper.framework; path = FirebaseInstanceID.framework; sourceTree = BUILT_PRODUCTS_DIR; };
		B9FD5039225AE323008C074D /* GoogleUtilities.framework */ = {isa = PBXFileReference; explicitFileType = wrapper.framework; path = GoogleUtilities.framework; sourceTree = BUILT_PRODUCTS_DIR; };
		B9FD503B225AE323008C074D /* leveldb.framework */ = {isa = PBXFileReference; explicitFileType = wrapper.framework; path = leveldb.framework; sourceTree = BUILT_PRODUCTS_DIR; };
		B9FD503D225AE323008C074D /* nanopb.framework */ = {isa = PBXFileReference; explicitFileType = wrapper.framework; path = nanopb.framework; sourceTree = BUILT_PRODUCTS_DIR; };
		B9FD503F225AE323008C074D /* PeerKit.framework */ = {isa = PBXFileReference; explicitFileType = wrapper.framework; path = PeerKit.framework; sourceTree = BUILT_PRODUCTS_DIR; };
		B9FD5041225AE9DC008C074D /* Envelope.swift */ = {isa = PBXFileReference; lastKnownFileType = sourcecode.swift; path = Envelope.swift; sourceTree = "<group>"; };
		B9FD5045225AF7A3008C074D /* GamePayload.swift */ = {isa = PBXFileReference; lastKnownFileType = sourcecode.swift; path = GamePayload.swift; sourceTree = "<group>"; };
		B9FD5047225AFD67008C074D /* Codable+Dictionary.swift */ = {isa = PBXFileReference; lastKnownFileType = sourcecode.swift; path = "Codable+Dictionary.swift"; sourceTree = "<group>"; };
		B9FD5049225B41B2008C074D /* Room.swift */ = {isa = PBXFileReference; lastKnownFileType = sourcecode.swift; path = Room.swift; sourceTree = "<group>"; };
		B9FD504B225B4691008C074D /* RoomViewController.swift */ = {isa = PBXFileReference; lastKnownFileType = sourcecode.swift; path = RoomViewController.swift; sourceTree = "<group>"; };
		D10F1A9D6A871CAB3CC862C1 /* Pods-Dash.debug.xcconfig */ = {isa = PBXFileReference; includeInIndex = 1; lastKnownFileType = text.xcconfig; name = "Pods-Dash.debug.xcconfig"; path = "Pods/Target Support Files/Pods-Dash/Pods-Dash.debug.xcconfig"; sourceTree = "<group>"; };
		D7037B132245FE3E008D2990 /* arrow.atlas */ = {isa = PBXFileReference; lastKnownFileType = folder.skatlas; path = arrow.atlas; sourceTree = "<group>"; };
		D7037B15224602C8008D2990 /* GameTexture.swift */ = {isa = PBXFileReference; lastKnownFileType = sourcecode.swift; path = GameTexture.swift; sourceTree = "<group>"; };
		D7037B2222462F3D008D2990 /* background.png */ = {isa = PBXFileReference; lastKnownFileType = image.png; path = background.png; sourceTree = "<group>"; };
		D7037B262246909B008D2990 /* CharacterType.swift */ = {isa = PBXFileReference; lastKnownFileType = sourcecode.swift; path = CharacterType.swift; sourceTree = "<group>"; };
		D71C7DCC225A34B50080335C /* MovingObject.swift */ = {isa = PBXFileReference; lastKnownFileType = sourcecode.swift; path = MovingObject.swift; sourceTree = "<group>"; };
		D731D4C722414077006D5717 /* WallNode.swift */ = {isa = PBXFileReference; lastKnownFileType = sourcecode.swift; path = WallNode.swift; sourceTree = "<group>"; };
		D731D4C9224140C6006D5717 /* Constants.swift */ = {isa = PBXFileReference; lastKnownFileType = sourcecode.swift; path = Constants.swift; sourceTree = "<group>"; };
		D731D4CD224145AA006D5717 /* ObstacleGenerator.swift */ = {isa = PBXFileReference; lastKnownFileType = sourcecode.swift; path = ObstacleGenerator.swift; sourceTree = "<group>"; };
		D731D4CF224253AF006D5717 /* ButtonNode.swift */ = {isa = PBXFileReference; lastKnownFileType = sourcecode.swift; path = ButtonNode.swift; sourceTree = "<group>"; };
		D731D4D1224253F3006D5717 /* ScoreNode.swift */ = {isa = PBXFileReference; lastKnownFileType = sourcecode.swift; path = ScoreNode.swift; sourceTree = "<group>"; };
		D731D4D322425429006D5717 /* Wall.swift */ = {isa = PBXFileReference; lastKnownFileType = sourcecode.swift; path = Wall.swift; sourceTree = "<group>"; };
		D731D4D82242546A006D5717 /* Obstacle.swift */ = {isa = PBXFileReference; lastKnownFileType = sourcecode.swift; path = Obstacle.swift; sourceTree = "<group>"; };
		D731D4DA2242547E006D5717 /* Player.swift */ = {isa = PBXFileReference; lastKnownFileType = sourcecode.swift; path = Player.swift; sourceTree = "<group>"; };
		D731D4DC224255C9006D5717 /* Observer.swift */ = {isa = PBXFileReference; lastKnownFileType = sourcecode.swift; path = Observer.swift; sourceTree = "<group>"; };
		D731D4DE224255EB006D5717 /* Observable.swift */ = {isa = PBXFileReference; lastKnownFileType = sourcecode.swift; path = Observable.swift; sourceTree = "<group>"; };
		D731D4E02243CBDC006D5717 /* WallGenerator.swift */ = {isa = PBXFileReference; lastKnownFileType = sourcecode.swift; path = WallGenerator.swift; sourceTree = "<group>"; };
		D731D4E22243DD6A006D5717 /* GameModel.swift */ = {isa = PBXFileReference; lastKnownFileType = sourcecode.swift; path = GameModel.swift; sourceTree = "<group>"; };
		D731D4E42243DD87006D5717 /* GameEngine.swift */ = {isa = PBXFileReference; lastKnownFileType = sourcecode.swift; path = GameEngine.swift; sourceTree = "<group>"; };
		D73E13322263011A00A19A1E /* MovingObjectType.swift */ = {isa = PBXFileReference; lastKnownFileType = sourcecode.swift; path = MovingObjectType.swift; sourceTree = "<group>"; };
		D73E13342263380D00A19A1E /* GameParameters.swift */ = {isa = PBXFileReference; lastKnownFileType = sourcecode.swift; path = GameParameters.swift; sourceTree = "<group>"; };
		D76844FF225337FF00A4F96A /* Point.swift */ = {isa = PBXFileReference; lastKnownFileType = sourcecode.swift; path = Point.swift; sourceTree = "<group>"; };
		D7B976722255F22D009DCEEF /* SeededGenerator.swift */ = {isa = PBXFileReference; lastKnownFileType = sourcecode.swift; path = SeededGenerator.swift; sourceTree = "<group>"; };
		D7B9767422562673009DCEEF /* Path.swift */ = {isa = PBXFileReference; lastKnownFileType = sourcecode.swift; path = Path.swift; sourceTree = "<group>"; };
		D7B97676225626C2009DCEEF /* PathGenerator.swift */ = {isa = PBXFileReference; fileEncoding = 4; lastKnownFileType = sourcecode.swift; path = PathGenerator.swift; sourceTree = "<group>"; };
		D7B976782256271A009DCEEF /* UIBezierPath+Point.swift */ = {isa = PBXFileReference; lastKnownFileType = sourcecode.swift; path = "UIBezierPath+Point.swift"; sourceTree = "<group>"; };
		D7CFAFD4223F7B4B002FA5F5 /* Dash.app */ = {isa = PBXFileReference; explicitFileType = wrapper.application; includeInIndex = 0; path = Dash.app; sourceTree = BUILT_PRODUCTS_DIR; };
		D7CFAFD7223F7B4B002FA5F5 /* AppDelegate.swift */ = {isa = PBXFileReference; lastKnownFileType = sourcecode.swift; path = AppDelegate.swift; sourceTree = "<group>"; };
		D7CFAFD9223F7B4B002FA5F5 /* GameScene.sks */ = {isa = PBXFileReference; lastKnownFileType = file.sks; path = GameScene.sks; sourceTree = "<group>"; };
		D7CFAFDB223F7B4B002FA5F5 /* Actions.sks */ = {isa = PBXFileReference; lastKnownFileType = file.sks; path = Actions.sks; sourceTree = "<group>"; };
		D7CFAFDD223F7B4B002FA5F5 /* GameScene.swift */ = {isa = PBXFileReference; lastKnownFileType = sourcecode.swift; path = GameScene.swift; sourceTree = "<group>"; };
		D7CFAFDF223F7B4B002FA5F5 /* GameViewController.swift */ = {isa = PBXFileReference; lastKnownFileType = sourcecode.swift; path = GameViewController.swift; sourceTree = "<group>"; };
		D7CFAFE2223F7B4B002FA5F5 /* Base */ = {isa = PBXFileReference; lastKnownFileType = file.storyboard; name = Base; path = Base.lproj/Main.storyboard; sourceTree = "<group>"; };
		D7CFAFE4223F7B4D002FA5F5 /* Assets.xcassets */ = {isa = PBXFileReference; lastKnownFileType = folder.assetcatalog; path = Assets.xcassets; sourceTree = "<group>"; };
		D7CFAFE7223F7B4D002FA5F5 /* Base */ = {isa = PBXFileReference; lastKnownFileType = file.storyboard; name = Base; path = Base.lproj/LaunchScreen.storyboard; sourceTree = "<group>"; };
		D7CFAFE9223F7B4D002FA5F5 /* Info.plist */ = {isa = PBXFileReference; lastKnownFileType = text.plist.xml; path = Info.plist; sourceTree = "<group>"; };
		D7CFAFF0223F8315002FA5F5 /* PlayerNode.swift */ = {isa = PBXFileReference; lastKnownFileType = sourcecode.swift; path = PlayerNode.swift; sourceTree = "<group>"; };
		D7CFAFF3223F8424002FA5F5 /* ObstacleNode.swift */ = {isa = PBXFileReference; lastKnownFileType = sourcecode.swift; path = ObstacleNode.swift; sourceTree = "<group>"; };
		D7CFAFF5223F85B2002FA5F5 /* BackgroundNode.swift */ = {isa = PBXFileReference; lastKnownFileType = sourcecode.swift; path = BackgroundNode.swift; sourceTree = "<group>"; };
		D7D427CB225922F5002912C3 /* PowerUpNode.swift */ = {isa = PBXFileReference; lastKnownFileType = sourcecode.swift; path = PowerUpNode.swift; sourceTree = "<group>"; };
		D7D427CD2259231C002912C3 /* PowerUp.swift */ = {isa = PBXFileReference; lastKnownFileType = sourcecode.swift; path = PowerUp.swift; sourceTree = "<group>"; };
		D7D427D0225923E8002912C3 /* PowerUpGenerator.swift */ = {isa = PBXFileReference; lastKnownFileType = sourcecode.swift; path = PowerUpGenerator.swift; sourceTree = "<group>"; };
		D7D427D62259275F002912C3 /* DashTests.xctest */ = {isa = PBXFileReference; explicitFileType = wrapper.cfbundle; includeInIndex = 0; path = DashTests.xctest; sourceTree = BUILT_PRODUCTS_DIR; };
		D7D427D82259275F002912C3 /* DashTests.swift */ = {isa = PBXFileReference; lastKnownFileType = sourcecode.swift; path = DashTests.swift; sourceTree = "<group>"; };
		D7D427DA2259275F002912C3 /* Info.plist */ = {isa = PBXFileReference; lastKnownFileType = text.plist.xml; path = Info.plist; sourceTree = "<group>"; };
		D7D427E022592774002912C3 /* GameModelTests.swift */ = {isa = PBXFileReference; lastKnownFileType = sourcecode.swift; path = GameModelTests.swift; sourceTree = "<group>"; };
		D7D427E2225927A9002912C3 /* GeneratorTests.swift */ = {isa = PBXFileReference; lastKnownFileType = sourcecode.swift; path = GeneratorTests.swift; sourceTree = "<group>"; };
		D7F170FF225C5A5A00096B34 /* PathGeneratorV2.swift */ = {isa = PBXFileReference; lastKnownFileType = sourcecode.swift; path = PathGeneratorV2.swift; sourceTree = "<group>"; };
		D7F17103225CE2FB00096B34 /* ObstacleType.swift */ = {isa = PBXFileReference; lastKnownFileType = sourcecode.swift; path = ObstacleType.swift; sourceTree = "<group>"; };
		D7F17105225CE43400096B34 /* Queue.swift */ = {isa = PBXFileReference; lastKnownFileType = sourcecode.swift; path = Queue.swift; sourceTree = "<group>"; };
/* End PBXFileReference section */

/* Begin PBXFrameworksBuildPhase section */
		D7CFAFD1223F7B4B002FA5F5 /* Frameworks */ = {
			isa = PBXFrameworksBuildPhase;
			buildActionMask = 2147483647;
			files = (
				46D96699001E8E0ADA53B122 /* Pods_Dash.framework in Frameworks */,
			);
			runOnlyForDeploymentPostprocessing = 0;
		};
		D7D427D32259275F002912C3 /* Frameworks */ = {
			isa = PBXFrameworksBuildPhase;
			buildActionMask = 2147483647;
			files = (
			);
			runOnlyForDeploymentPostprocessing = 0;
		};
/* End PBXFrameworksBuildPhase section */

/* Begin PBXGroup section */
		763327D722631ECA00C25F29 /* Menu */ = {
			isa = PBXGroup;
			children = (
				763327D822631EF400C25F29 /* StartScene.sks */,
				763327DA22631EFE00C25F29 /* StartScene.swift */,
				763327DC22632B3100C25F29 /* MainMenuScene.sks */,
				763327DE22632B4C00C25F29 /* MainMenuScene.swift */,
				763327E02263670D00C25F29 /* MissionsScene.sks */,
				763327E22263671900C25F29 /* MissionsScene.swift */,
			);
			path = Menu;
			sourceTree = "<group>";
		};
		763327EF2263AA6600C25F29 /* Gameplay */ = {
			isa = PBXGroup;
			children = (
				D7CFAFDD223F7B4B002FA5F5 /* GameScene.swift */,
				763327ED2263979400C25F29 /* GameScene+Observer.swift */,
				D7CFAFD9223F7B4B002FA5F5 /* GameScene.sks */,
				D7CFAFDB223F7B4B002FA5F5 /* Actions.sks */,
				763327E92263959200C25F29 /* GameOverScene.sks */,
				763327EB226395A300C25F29 /* GameOverScene.swift */,
			);
			path = Gameplay;
			sourceTree = "<group>";
		};
		7662A5A522578882003C00D1 /* PlayerControllers */ = {
			isa = PBXGroup;
			children = (
				7614C0412254AA17006321C8 /* PlayerController.swift */,
				7662A5A32257882C003C00D1 /* GlideController.swift */,
				7662A5A622578899003C00D1 /* ArrowController.swift */,
				7662A5A822578901003C00D1 /* FlappyController.swift */,
			);
			path = PlayerControllers;
			sourceTree = "<group>";
		};
		76C0DBB0225F53A500AC5C5F /* Storage */ = {
			isa = PBXGroup;
			children = (
				76C0DBAE225F537800AC5C5F /* Storage.swift */,
			);
			path = Storage;
			sourceTree = "<group>";
		};
		A093DB68C1D4B4B4EB498AAB /* Pods */ = {
			isa = PBXGroup;
			children = (
				D10F1A9D6A871CAB3CC862C1 /* Pods-Dash.debug.xcconfig */,
				0551661526793BAE19D92169 /* Pods-Dash.release.xcconfig */,
			);
			name = Pods;
			sourceTree = "<group>";
		};
		B9FD502E2259CB57008C074D /* Network */ = {
			isa = PBXGroup;
			children = (
				B95B55F2224E0146006051E7 /* NetworkManager.swift */,
				B9FD502F2259CBEC008C074D /* Networkable.swift */,
				B9FD50312259CE6B008C074D /* FirebaseNetwork.swift */,
				B9FD5041225AE9DC008C074D /* Envelope.swift */,
				B9FD5045225AF7A3008C074D /* GamePayload.swift */,
				B9FD5047225AFD67008C074D /* Codable+Dictionary.swift */,
				B937AD5C2264369D00ACDA9D /* GameMode.swift */,
				B937AD5A2263766600ACDA9D /* HighScoreRecord.swift */,
				B937AD5022636E9000ACDA9D /* HighScoreCategory.swift */,
				B937AD4E22636E5A00ACDA9D /* HighScoreProvider.swift */,
				B937AD582263756E00ACDA9D /* LocalHighScoreProvider.swift */,
				B937AD522263703000ACDA9D /* FirebaseHighScoreProvider.swift */,
				B937AD562263737D00ACDA9D /* FirebaseInstance.swift */,
			);
			path = Network;
			sourceTree = "<group>";
		};
		D7037B1722462349008D2990 /* Resource */ = {
			isa = PBXGroup;
			children = (
				D7037B2222462F3D008D2990 /* background.png */,
			);
			path = Resource;
			sourceTree = "<group>";
		};
		D731D4CB224140CD006D5717 /* Configuration */ = {
			isa = PBXGroup;
			children = (
				D7037B15224602C8008D2990 /* GameTexture.swift */,
				D731D4C9224140C6006D5717 /* Constants.swift */,
			);
			path = Configuration;
			sourceTree = "<group>";
		};
		D731D4CC224142C4006D5717 /* Logic */ = {
			isa = PBXGroup;
			children = (
				76C0DBB0225F53A500AC5C5F /* Storage */,
				D731D4E42243DD87006D5717 /* GameEngine.swift */,
				D73E13342263380D00A19A1E /* GameParameters.swift */,
				D76844FF225337FF00A4F96A /* Point.swift */,
				D7B9767422562673009DCEEF /* Path.swift */,
				D7B976782256271A009DCEEF /* UIBezierPath+Point.swift */,
				76B0D902225E4B2200D9741D /* MissionManager.swift */,
				D7B9767A22577B57009DCEEF /* Generator */,
			);
			path = Logic;
			sourceTree = "<group>";
		};
		D731D4D522425439006D5717 /* Model */ = {
			isa = PBXGroup;
			children = (
				D7D427CF225923BA002912C3 /* GameObject */,
				D7F17102225CE2E500096B34 /* Type */,
				B95B55EA224DF537006051E7 /* Action.swift */,
				D731D4DC224255C9006D5717 /* Observer.swift */,
				D731D4DE224255EB006D5717 /* Observable.swift */,
				D7F17105225CE43400096B34 /* Queue.swift */,
				76C0DBAB225EF41B00AC5C5F /* Mission.swift */,
			);
			path = Model;
			sourceTree = "<group>";
		};
		D7B9767A22577B57009DCEEF /* Generator */ = {
			isa = PBXGroup;
			children = (
				D7B97676225626C2009DCEEF /* PathGenerator.swift */,
				D731D4E02243CBDC006D5717 /* WallGenerator.swift */,
				D731D4CD224145AA006D5717 /* ObstacleGenerator.swift */,
				D7D427D0225923E8002912C3 /* PowerUpGenerator.swift */,
				D7F170FF225C5A5A00096B34 /* PathGeneratorV2.swift */,
				D7B976722255F22D009DCEEF /* SeededGenerator.swift */,
			);
			name = Generator;
			sourceTree = "<group>";
		};
		D7CFAFCB223F7B4B002FA5F5 = {
			isa = PBXGroup;
			children = (
				D7CFAFD6223F7B4B002FA5F5 /* Dash */,
				D7D427D72259275F002912C3 /* DashTests */,
				D7CFAFD5223F7B4B002FA5F5 /* Products */,
				A093DB68C1D4B4B4EB498AAB /* Pods */,
				E6198E04D789714182459A49 /* Frameworks */,
			);
			sourceTree = "<group>";
		};
		D7CFAFD5223F7B4B002FA5F5 /* Products */ = {
			isa = PBXGroup;
			children = (
				D7CFAFD4223F7B4B002FA5F5 /* Dash.app */,
				D7D427D62259275F002912C3 /* DashTests.xctest */,
			);
			name = Products;
			sourceTree = "<group>";
		};
		D7CFAFD6223F7B4B002FA5F5 /* Dash */ = {
			isa = PBXGroup;
			children = (
				D7CFAFF7223F885E002FA5F5 /* Scene */,
				D731D4CC224142C4006D5717 /* Logic */,
				D731D4D522425439006D5717 /* Model */,
				D7CFAFF2223F832A002FA5F5 /* Node */,
				D7CFAFF9223F887E002FA5F5 /* Storyboard */,
				D7CFAFFA223F88A4002FA5F5 /* View */,
				D731D4CB224140CD006D5717 /* Configuration */,
				D7CFAFF8223F8868002FA5F5 /* Controller */,
				D7CFAFE4223F7B4D002FA5F5 /* Assets.xcassets */,
				D7037B1722462349008D2990 /* Resource */,
				D7037B132245FE3E008D2990 /* arrow.atlas */,
				D7CFAFD7223F7B4B002FA5F5 /* AppDelegate.swift */,
				B9FD502C2259C9E2008C074D /* GoogleService-Info.plist */,
				D7CFAFE9223F7B4D002FA5F5 /* Info.plist */,
			);
			path = Dash;
			sourceTree = "<group>";
		};
		D7CFAFF2223F832A002FA5F5 /* Node */ = {
			isa = PBXGroup;
			children = (
				D7CFAFF0223F8315002FA5F5 /* PlayerNode.swift */,
				D731D4C722414077006D5717 /* WallNode.swift */,
				D7CFAFF3223F8424002FA5F5 /* ObstacleNode.swift */,
				D7D427CB225922F5002912C3 /* PowerUpNode.swift */,
				D7CFAFF5223F85B2002FA5F5 /* BackgroundNode.swift */,
				D731D4D1224253F3006D5717 /* ScoreNode.swift */,
				D731D4CF224253AF006D5717 /* ButtonNode.swift */,
				76C0DBA9225EF18D00AC5C5F /* MissionNode.swift */,
			);
			path = Node;
			sourceTree = "<group>";
		};
		D7CFAFF7223F885E002FA5F5 /* Scene */ = {
			isa = PBXGroup;
			children = (
				763327EF2263AA6600C25F29 /* Gameplay */,
				763327D722631ECA00C25F29 /* Menu */,
				7641740422587D180044D010 /* MenuScene.sks */,
				7641740622587F230044D010 /* MenuScene.swift */,
			);
			path = Scene;
			sourceTree = "<group>";
		};
		D7CFAFF8223F8868002FA5F5 /* Controller */ = {
			isa = PBXGroup;
			children = (
				B9FD502E2259CB57008C074D /* Network */,
				7662A5A522578882003C00D1 /* PlayerControllers */,
				D7CFAFDF223F7B4B002FA5F5 /* GameViewController.swift */,
				B95B55F0224DFD2B006051E7 /* StartViewController.swift */,
				B9FD504B225B4691008C074D /* RoomViewController.swift */,
			);
			path = Controller;
			sourceTree = "<group>";
		};
		D7CFAFF9223F887E002FA5F5 /* Storyboard */ = {
			isa = PBXGroup;
			children = (
				D7CFAFE1223F7B4B002FA5F5 /* Main.storyboard */,
				D7CFAFE6223F7B4D002FA5F5 /* LaunchScreen.storyboard */,
			);
			path = Storyboard;
			sourceTree = "<group>";
		};
		D7CFAFFA223F88A4002FA5F5 /* View */ = {
			isa = PBXGroup;
			children = (
			);
			path = View;
			sourceTree = "<group>";
		};
		D7D427CF225923BA002912C3 /* GameObject */ = {
			isa = PBXGroup;
			children = (
				D731D4E22243DD6A006D5717 /* GameModel.swift */,
				D731D4DA2242547E006D5717 /* Player.swift */,
				D731D4D322425429006D5717 /* Wall.swift */,
				D731D4D82242546A006D5717 /* Obstacle.swift */,
				D7D427CD2259231C002912C3 /* PowerUp.swift */,
				D71C7DCC225A34B50080335C /* MovingObject.swift */,
				D73E13322263011A00A19A1E /* MovingObjectType.swift */,
				B9FD5049225B41B2008C074D /* Room.swift */,
			);
			name = GameObject;
			sourceTree = "<group>";
		};
		D7D427D72259275F002912C3 /* DashTests */ = {
			isa = PBXGroup;
			children = (
				D7D427D82259275F002912C3 /* DashTests.swift */,
				D7D427E022592774002912C3 /* GameModelTests.swift */,
				D7D427E2225927A9002912C3 /* GeneratorTests.swift */,
				D7D427DA2259275F002912C3 /* Info.plist */,
			);
			path = DashTests;
			sourceTree = "<group>";
		};
		D7F17102225CE2E500096B34 /* Type */ = {
			isa = PBXGroup;
			children = (
				D7037B262246909B008D2990 /* CharacterType.swift */,
				B95B55EE224DF648006051E7 /* ActionType.swift */,
				D7F17103225CE2FB00096B34 /* ObstacleType.swift */,
				76C0DBA5225E729800AC5C5F /* MissionType.swift */,
			);
			name = Type;
			sourceTree = "<group>";
		};
		E6198E04D789714182459A49 /* Frameworks */ = {
			isa = PBXGroup;
			children = (
				B9FD5033225AE323008C074D /* FirebaseCore.framework */,
				B9FD5035225AE323008C074D /* FirebaseDatabase.framework */,
				B9FD5037225AE323008C074D /* FirebaseInstanceID.framework */,
				B9FD5039225AE323008C074D /* GoogleUtilities.framework */,
				B9FD503B225AE323008C074D /* leveldb.framework */,
				B9FD503D225AE323008C074D /* nanopb.framework */,
				B9FD503F225AE323008C074D /* PeerKit.framework */,
				48E116B7F729B1F4C488C9D2 /* Pods_Dash.framework */,
			);
			name = Frameworks;
			sourceTree = "<group>";
		};
/* End PBXGroup section */

/* Begin PBXNativeTarget section */
		D7CFAFD3223F7B4B002FA5F5 /* Dash */ = {
			isa = PBXNativeTarget;
			buildConfigurationList = D7CFAFEC223F7B4D002FA5F5 /* Build configuration list for PBXNativeTarget "Dash" */;
			buildPhases = (
				E88F791BDD2EAD6F101C87B6 /* [CP] Check Pods Manifest.lock */,
				D7CFAFD0223F7B4B002FA5F5 /* Sources */,
				D7CFAFD1223F7B4B002FA5F5 /* Frameworks */,
				D7CFAFD2223F7B4B002FA5F5 /* Resources */,
				B8210587C8C9841CD69029B3 /* [CP] Embed Pods Frameworks */,
			);
			buildRules = (
			);
			dependencies = (
			);
			name = Dash;
			productName = Dash;
			productReference = D7CFAFD4223F7B4B002FA5F5 /* Dash.app */;
			productType = "com.apple.product-type.application";
		};
		D7D427D52259275F002912C3 /* DashTests */ = {
			isa = PBXNativeTarget;
			buildConfigurationList = D7D427DD2259275F002912C3 /* Build configuration list for PBXNativeTarget "DashTests" */;
			buildPhases = (
				D7D427D22259275F002912C3 /* Sources */,
				D7D427D32259275F002912C3 /* Frameworks */,
				D7D427D42259275F002912C3 /* Resources */,
			);
			buildRules = (
			);
			dependencies = (
				D7D427DC2259275F002912C3 /* PBXTargetDependency */,
			);
			name = DashTests;
			productName = DashTests;
			productReference = D7D427D62259275F002912C3 /* DashTests.xctest */;
			productType = "com.apple.product-type.bundle.unit-test";
		};
/* End PBXNativeTarget section */

/* Begin PBXProject section */
		D7CFAFCC223F7B4B002FA5F5 /* Project object */ = {
			isa = PBXProject;
			attributes = {
				LastSwiftUpdateCheck = 1010;
				LastUpgradeCheck = 1010;
				ORGANIZATIONNAME = nus.cs3217;
				TargetAttributes = {
					D7CFAFD3223F7B4B002FA5F5 = {
						CreatedOnToolsVersion = 10.1;
					};
					D7D427D52259275F002912C3 = {
						CreatedOnToolsVersion = 10.1;
						TestTargetID = D7CFAFD3223F7B4B002FA5F5;
					};
				};
			};
			buildConfigurationList = D7CFAFCF223F7B4B002FA5F5 /* Build configuration list for PBXProject "Dash" */;
			compatibilityVersion = "Xcode 9.3";
			developmentRegion = en;
			hasScannedForEncodings = 0;
			knownRegions = (
				en,
				Base,
			);
			mainGroup = D7CFAFCB223F7B4B002FA5F5;
			productRefGroup = D7CFAFD5223F7B4B002FA5F5 /* Products */;
			projectDirPath = "";
			projectRoot = "";
			targets = (
				D7CFAFD3223F7B4B002FA5F5 /* Dash */,
				D7D427D52259275F002912C3 /* DashTests */,
			);
		};
/* End PBXProject section */

/* Begin PBXResourcesBuildPhase section */
		D7CFAFD2223F7B4B002FA5F5 /* Resources */ = {
			isa = PBXResourcesBuildPhase;
			buildActionMask = 2147483647;
			files = (
				763327DD22632B3100C25F29 /* MainMenuScene.sks in Resources */,
				763327EA2263959200C25F29 /* GameOverScene.sks in Resources */,
				D7CFAFE3223F7B4B002FA5F5 /* Main.storyboard in Resources */,
				D7CFAFDA223F7B4B002FA5F5 /* GameScene.sks in Resources */,
				B9FD502D2259C9E2008C074D /* GoogleService-Info.plist in Resources */,
				D7037B2322462F3D008D2990 /* background.png in Resources */,
				763327D922631EF400C25F29 /* StartScene.sks in Resources */,
				D7CFAFE5223F7B4D002FA5F5 /* Assets.xcassets in Resources */,
				D7CFAFE8223F7B4D002FA5F5 /* LaunchScreen.storyboard in Resources */,
				D7CFAFDC223F7B4B002FA5F5 /* Actions.sks in Resources */,
				D7037B142245FE3F008D2990 /* arrow.atlas in Resources */,
				7641740522587D180044D010 /* MenuScene.sks in Resources */,
				763327E12263670D00C25F29 /* MissionsScene.sks in Resources */,
			);
			runOnlyForDeploymentPostprocessing = 0;
		};
		D7D427D42259275F002912C3 /* Resources */ = {
			isa = PBXResourcesBuildPhase;
			buildActionMask = 2147483647;
			files = (
			);
			runOnlyForDeploymentPostprocessing = 0;
		};
/* End PBXResourcesBuildPhase section */

/* Begin PBXShellScriptBuildPhase section */
		B8210587C8C9841CD69029B3 /* [CP] Embed Pods Frameworks */ = {
			isa = PBXShellScriptBuildPhase;
			buildActionMask = 2147483647;
			files = (
			);
			inputFileListPaths = (
			);
			inputPaths = (
				"${PODS_ROOT}/Target Support Files/Pods-Dash/Pods-Dash-frameworks.sh",
				"${BUILT_PRODUCTS_DIR}/GoogleUtilities/GoogleUtilities.framework",
				"${BUILT_PRODUCTS_DIR}/PeerKit/PeerKit.framework",
				"${BUILT_PRODUCTS_DIR}/leveldb-library/leveldb.framework",
				"${BUILT_PRODUCTS_DIR}/nanopb/nanopb.framework",
			);
			name = "[CP] Embed Pods Frameworks";
			outputFileListPaths = (
			);
			outputPaths = (
				"${TARGET_BUILD_DIR}/${FRAMEWORKS_FOLDER_PATH}/GoogleUtilities.framework",
				"${TARGET_BUILD_DIR}/${FRAMEWORKS_FOLDER_PATH}/PeerKit.framework",
				"${TARGET_BUILD_DIR}/${FRAMEWORKS_FOLDER_PATH}/leveldb.framework",
				"${TARGET_BUILD_DIR}/${FRAMEWORKS_FOLDER_PATH}/nanopb.framework",
			);
			runOnlyForDeploymentPostprocessing = 0;
			shellPath = /bin/sh;
			shellScript = "\"${PODS_ROOT}/Target Support Files/Pods-Dash/Pods-Dash-frameworks.sh\"\n";
			showEnvVarsInLog = 0;
		};
		E88F791BDD2EAD6F101C87B6 /* [CP] Check Pods Manifest.lock */ = {
			isa = PBXShellScriptBuildPhase;
			buildActionMask = 2147483647;
			files = (
			);
			inputFileListPaths = (
			);
			inputPaths = (
				"${PODS_PODFILE_DIR_PATH}/Podfile.lock",
				"${PODS_ROOT}/Manifest.lock",
			);
			name = "[CP] Check Pods Manifest.lock";
			outputFileListPaths = (
			);
			outputPaths = (
				"$(DERIVED_FILE_DIR)/Pods-Dash-checkManifestLockResult.txt",
			);
			runOnlyForDeploymentPostprocessing = 0;
			shellPath = /bin/sh;
			shellScript = "diff \"${PODS_PODFILE_DIR_PATH}/Podfile.lock\" \"${PODS_ROOT}/Manifest.lock\" > /dev/null\nif [ $? != 0 ] ; then\n    # print error to STDERR\n    echo \"error: The sandbox is not in sync with the Podfile.lock. Run 'pod install' or update your CocoaPods installation.\" >&2\n    exit 1\nfi\n# This output is used by Xcode 'outputs' to avoid re-running this script phase.\necho \"SUCCESS\" > \"${SCRIPT_OUTPUT_FILE_0}\"\n";
			showEnvVarsInLog = 0;
		};
/* End PBXShellScriptBuildPhase section */

/* Begin PBXSourcesBuildPhase section */
		D7CFAFD0223F7B4B002FA5F5 /* Sources */ = {
			isa = PBXSourcesBuildPhase;
			buildActionMask = 2147483647;
			files = (
				763327DB22631EFE00C25F29 /* StartScene.swift in Sources */,
				D7F17104225CE2FB00096B34 /* ObstacleType.swift in Sources */,
				B937AD4F22636E5A00ACDA9D /* HighScoreProvider.swift in Sources */,
				D7D427D1225923E8002912C3 /* PowerUpGenerator.swift in Sources */,
				D73E13332263011A00A19A1E /* MovingObjectType.swift in Sources */,
				76C0DBAF225F537800AC5C5F /* Storage.swift in Sources */,
				D731D4DF224255EB006D5717 /* Observable.swift in Sources */,
				D7B976732255F22D009DCEEF /* SeededGenerator.swift in Sources */,
				B95B55EB224DF537006051E7 /* Action.swift in Sources */,
				D731D4D92242546A006D5717 /* Obstacle.swift in Sources */,
				D7D427CE2259231C002912C3 /* PowerUp.swift in Sources */,
				763327EC226395A300C25F29 /* GameOverScene.swift in Sources */,
				D731D4DD224255C9006D5717 /* Observer.swift in Sources */,
				B937AD5D2264369D00ACDA9D /* GameMode.swift in Sources */,
				76B0D903225E4B2200D9741D /* MissionManager.swift in Sources */,
				D731D4D2224253F3006D5717 /* ScoreNode.swift in Sources */,
				D7B97677225626C2009DCEEF /* PathGenerator.swift in Sources */,
				B937AD5B2263766600ACDA9D /* HighScoreRecord.swift in Sources */,
				B9FD50322259CE6B008C074D /* FirebaseNetwork.swift in Sources */,
				D731D4D422425429006D5717 /* Wall.swift in Sources */,
				763327DF22632B4C00C25F29 /* MainMenuScene.swift in Sources */,
				D7037B272246909B008D2990 /* CharacterType.swift in Sources */,
				B9FD504A225B41B2008C074D /* Room.swift in Sources */,
				D7CFAFDE223F7B4B002FA5F5 /* GameScene.swift in Sources */,
				D71C7DCD225A34B50080335C /* MovingObject.swift in Sources */,
				B9FD5042225AE9DC008C074D /* Envelope.swift in Sources */,
				D7684500225337FF00A4F96A /* Point.swift in Sources */,
				D731D4CE224145AA006D5717 /* ObstacleGenerator.swift in Sources */,
				B9FD504C225B4691008C074D /* RoomViewController.swift in Sources */,
				D7B976792256271A009DCEEF /* UIBezierPath+Point.swift in Sources */,
				D73E13352263380D00A19A1E /* GameParameters.swift in Sources */,
				D7CFAFF4223F8424002FA5F5 /* ObstacleNode.swift in Sources */,
				D731D4C822414077006D5717 /* WallNode.swift in Sources */,
				D7CFAFE0223F7B4B002FA5F5 /* GameViewController.swift in Sources */,
				B9FD50302259CBEC008C074D /* Networkable.swift in Sources */,
				763327EE2263979400C25F29 /* GameScene+Observer.swift in Sources */,
				7662A5A722578899003C00D1 /* ArrowController.swift in Sources */,
				D731D4E52243DD87006D5717 /* GameEngine.swift in Sources */,
				B9FD5048225AFD67008C074D /* Codable+Dictionary.swift in Sources */,
				B937AD532263703000ACDA9D /* FirebaseHighScoreProvider.swift in Sources */,
				B9FD5046225AF7A4008C074D /* GamePayload.swift in Sources */,
				D7CFAFF6223F85B2002FA5F5 /* BackgroundNode.swift in Sources */,
				D731D4E32243DD6A006D5717 /* GameModel.swift in Sources */,
				D731D4E12243CBDC006D5717 /* WallGenerator.swift in Sources */,
				B937AD592263756E00ACDA9D /* LocalHighScoreProvider.swift in Sources */,
				7641740722587F230044D010 /* MenuScene.swift in Sources */,
				7662A5A922578901003C00D1 /* FlappyController.swift in Sources */,
				D7F17106225CE43400096B34 /* Queue.swift in Sources */,
				B937AD5122636E9000ACDA9D /* HighScoreCategory.swift in Sources */,
				B95B55F3224E0146006051E7 /* NetworkManager.swift in Sources */,
				D7CFAFF1223F8315002FA5F5 /* PlayerNode.swift in Sources */,
				7614C0422254AA17006321C8 /* PlayerController.swift in Sources */,
				D7037B16224602C8008D2990 /* GameTexture.swift in Sources */,
				D7F17100225C5A5A00096B34 /* PathGeneratorV2.swift in Sources */,
				7662A5A42257882C003C00D1 /* GlideController.swift in Sources */,
				76C0DBAA225EF18D00AC5C5F /* MissionNode.swift in Sources */,
				763327E32263671900C25F29 /* MissionsScene.swift in Sources */,
				B95B55EF224DF648006051E7 /* ActionType.swift in Sources */,
				B95B55F1224DFD2B006051E7 /* StartViewController.swift in Sources */,
				D7CFAFD8223F7B4B002FA5F5 /* AppDelegate.swift in Sources */,
				D7D427CC225922F5002912C3 /* PowerUpNode.swift in Sources */,
				76C0DBAC225EF41B00AC5C5F /* Mission.swift in Sources */,
				B937AD572263737D00ACDA9D /* FirebaseInstance.swift in Sources */,
				D731D4CA224140C6006D5717 /* Constants.swift in Sources */,
				D731D4DB2242547E006D5717 /* Player.swift in Sources */,
				D7B9767522562673009DCEEF /* Path.swift in Sources */,
				76C0DBA6225E729800AC5C5F /* MissionType.swift in Sources */,
				D731D4D0224253AF006D5717 /* ButtonNode.swift in Sources */,
			);
			runOnlyForDeploymentPostprocessing = 0;
		};
		D7D427D22259275F002912C3 /* Sources */ = {
			isa = PBXSourcesBuildPhase;
			buildActionMask = 2147483647;
			files = (
				D7D427D92259275F002912C3 /* DashTests.swift in Sources */,
				D7D427E122592774002912C3 /* GameModelTests.swift in Sources */,
				D7D427E3225927A9002912C3 /* GeneratorTests.swift in Sources */,
			);
			runOnlyForDeploymentPostprocessing = 0;
		};
/* End PBXSourcesBuildPhase section */

/* Begin PBXTargetDependency section */
		D7D427DC2259275F002912C3 /* PBXTargetDependency */ = {
			isa = PBXTargetDependency;
			target = D7CFAFD3223F7B4B002FA5F5 /* Dash */;
			targetProxy = D7D427DB2259275F002912C3 /* PBXContainerItemProxy */;
		};
/* End PBXTargetDependency section */

/* Begin PBXVariantGroup section */
		D7CFAFE1223F7B4B002FA5F5 /* Main.storyboard */ = {
			isa = PBXVariantGroup;
			children = (
				D7CFAFE2223F7B4B002FA5F5 /* Base */,
			);
			name = Main.storyboard;
			sourceTree = "<group>";
		};
		D7CFAFE6223F7B4D002FA5F5 /* LaunchScreen.storyboard */ = {
			isa = PBXVariantGroup;
			children = (
				D7CFAFE7223F7B4D002FA5F5 /* Base */,
			);
			name = LaunchScreen.storyboard;
			sourceTree = "<group>";
		};
/* End PBXVariantGroup section */

/* Begin XCBuildConfiguration section */
		D7CFAFEA223F7B4D002FA5F5 /* Debug */ = {
			isa = XCBuildConfiguration;
			buildSettings = {
				ALWAYS_SEARCH_USER_PATHS = NO;
				CLANG_ANALYZER_NONNULL = YES;
				CLANG_ANALYZER_NUMBER_OBJECT_CONVERSION = YES_AGGRESSIVE;
				CLANG_CXX_LANGUAGE_STANDARD = "gnu++14";
				CLANG_CXX_LIBRARY = "libc++";
				CLANG_ENABLE_MODULES = YES;
				CLANG_ENABLE_OBJC_ARC = YES;
				CLANG_ENABLE_OBJC_WEAK = YES;
				CLANG_WARN_BLOCK_CAPTURE_AUTORELEASING = YES;
				CLANG_WARN_BOOL_CONVERSION = YES;
				CLANG_WARN_COMMA = YES;
				CLANG_WARN_CONSTANT_CONVERSION = YES;
				CLANG_WARN_DEPRECATED_OBJC_IMPLEMENTATIONS = YES;
				CLANG_WARN_DIRECT_OBJC_ISA_USAGE = YES_ERROR;
				CLANG_WARN_DOCUMENTATION_COMMENTS = YES;
				CLANG_WARN_EMPTY_BODY = YES;
				CLANG_WARN_ENUM_CONVERSION = YES;
				CLANG_WARN_INFINITE_RECURSION = YES;
				CLANG_WARN_INT_CONVERSION = YES;
				CLANG_WARN_NON_LITERAL_NULL_CONVERSION = YES;
				CLANG_WARN_OBJC_IMPLICIT_RETAIN_SELF = YES;
				CLANG_WARN_OBJC_LITERAL_CONVERSION = YES;
				CLANG_WARN_OBJC_ROOT_CLASS = YES_ERROR;
				CLANG_WARN_RANGE_LOOP_ANALYSIS = YES;
				CLANG_WARN_STRICT_PROTOTYPES = YES;
				CLANG_WARN_SUSPICIOUS_MOVE = YES;
				CLANG_WARN_UNGUARDED_AVAILABILITY = YES_AGGRESSIVE;
				CLANG_WARN_UNREACHABLE_CODE = YES;
				CLANG_WARN__DUPLICATE_METHOD_MATCH = YES;
				CODE_SIGN_IDENTITY = "iPhone Developer";
				COPY_PHASE_STRIP = NO;
				DEBUG_INFORMATION_FORMAT = dwarf;
				ENABLE_STRICT_OBJC_MSGSEND = YES;
				ENABLE_TESTABILITY = YES;
				GCC_C_LANGUAGE_STANDARD = gnu11;
				GCC_DYNAMIC_NO_PIC = NO;
				GCC_NO_COMMON_BLOCKS = YES;
				GCC_OPTIMIZATION_LEVEL = 0;
				GCC_PREPROCESSOR_DEFINITIONS = (
					"DEBUG=1",
					"$(inherited)",
				);
				GCC_WARN_64_TO_32_BIT_CONVERSION = YES;
				GCC_WARN_ABOUT_RETURN_TYPE = YES_ERROR;
				GCC_WARN_UNDECLARED_SELECTOR = YES;
				GCC_WARN_UNINITIALIZED_AUTOS = YES_AGGRESSIVE;
				GCC_WARN_UNUSED_FUNCTION = YES;
				GCC_WARN_UNUSED_VARIABLE = YES;
				IPHONEOS_DEPLOYMENT_TARGET = 12.1;
				MTL_ENABLE_DEBUG_INFO = INCLUDE_SOURCE;
				MTL_FAST_MATH = YES;
				ONLY_ACTIVE_ARCH = NO;
				SDKROOT = iphoneos;
				SWIFT_ACTIVE_COMPILATION_CONDITIONS = DEBUG;
				SWIFT_OPTIMIZATION_LEVEL = "-Onone";
			};
			name = Debug;
		};
		D7CFAFEB223F7B4D002FA5F5 /* Release */ = {
			isa = XCBuildConfiguration;
			buildSettings = {
				ALWAYS_SEARCH_USER_PATHS = NO;
				CLANG_ANALYZER_NONNULL = YES;
				CLANG_ANALYZER_NUMBER_OBJECT_CONVERSION = YES_AGGRESSIVE;
				CLANG_CXX_LANGUAGE_STANDARD = "gnu++14";
				CLANG_CXX_LIBRARY = "libc++";
				CLANG_ENABLE_MODULES = YES;
				CLANG_ENABLE_OBJC_ARC = YES;
				CLANG_ENABLE_OBJC_WEAK = YES;
				CLANG_WARN_BLOCK_CAPTURE_AUTORELEASING = YES;
				CLANG_WARN_BOOL_CONVERSION = YES;
				CLANG_WARN_COMMA = YES;
				CLANG_WARN_CONSTANT_CONVERSION = YES;
				CLANG_WARN_DEPRECATED_OBJC_IMPLEMENTATIONS = YES;
				CLANG_WARN_DIRECT_OBJC_ISA_USAGE = YES_ERROR;
				CLANG_WARN_DOCUMENTATION_COMMENTS = YES;
				CLANG_WARN_EMPTY_BODY = YES;
				CLANG_WARN_ENUM_CONVERSION = YES;
				CLANG_WARN_INFINITE_RECURSION = YES;
				CLANG_WARN_INT_CONVERSION = YES;
				CLANG_WARN_NON_LITERAL_NULL_CONVERSION = YES;
				CLANG_WARN_OBJC_IMPLICIT_RETAIN_SELF = YES;
				CLANG_WARN_OBJC_LITERAL_CONVERSION = YES;
				CLANG_WARN_OBJC_ROOT_CLASS = YES_ERROR;
				CLANG_WARN_RANGE_LOOP_ANALYSIS = YES;
				CLANG_WARN_STRICT_PROTOTYPES = YES;
				CLANG_WARN_SUSPICIOUS_MOVE = YES;
				CLANG_WARN_UNGUARDED_AVAILABILITY = YES_AGGRESSIVE;
				CLANG_WARN_UNREACHABLE_CODE = YES;
				CLANG_WARN__DUPLICATE_METHOD_MATCH = YES;
				CODE_SIGN_IDENTITY = "iPhone Developer";
				COPY_PHASE_STRIP = NO;
				DEBUG_INFORMATION_FORMAT = "dwarf-with-dsym";
				ENABLE_NS_ASSERTIONS = NO;
				ENABLE_STRICT_OBJC_MSGSEND = YES;
				GCC_C_LANGUAGE_STANDARD = gnu11;
				GCC_NO_COMMON_BLOCKS = YES;
				GCC_WARN_64_TO_32_BIT_CONVERSION = YES;
				GCC_WARN_ABOUT_RETURN_TYPE = YES_ERROR;
				GCC_WARN_UNDECLARED_SELECTOR = YES;
				GCC_WARN_UNINITIALIZED_AUTOS = YES_AGGRESSIVE;
				GCC_WARN_UNUSED_FUNCTION = YES;
				GCC_WARN_UNUSED_VARIABLE = YES;
				IPHONEOS_DEPLOYMENT_TARGET = 12.1;
				MTL_ENABLE_DEBUG_INFO = NO;
				MTL_FAST_MATH = YES;
				SDKROOT = iphoneos;
				SWIFT_COMPILATION_MODE = wholemodule;
				SWIFT_OPTIMIZATION_LEVEL = "-O";
				VALIDATE_PRODUCT = YES;
			};
			name = Release;
		};
		D7CFAFED223F7B4D002FA5F5 /* Debug */ = {
			isa = XCBuildConfiguration;
			baseConfigurationReference = D10F1A9D6A871CAB3CC862C1 /* Pods-Dash.debug.xcconfig */;
			buildSettings = {
				ASSETCATALOG_COMPILER_APPICON_NAME = AppIcon;
				CODE_SIGN_STYLE = Automatic;
				DEVELOPMENT_TEAM = W76H98A34A;
				INFOPLIST_FILE = Dash/Info.plist;
				LD_RUNPATH_SEARCH_PATHS = (
					"$(inherited)",
					"@executable_path/Frameworks",
				);
				PRODUCT_BUNDLE_IDENTIFIER = nus.cs3217.Dash;
				PRODUCT_NAME = "$(TARGET_NAME)";
				SWIFT_VERSION = 4.2;
				TARGETED_DEVICE_FAMILY = "1,2";
			};
			name = Debug;
		};
		D7CFAFEE223F7B4D002FA5F5 /* Release */ = {
			isa = XCBuildConfiguration;
			baseConfigurationReference = 0551661526793BAE19D92169 /* Pods-Dash.release.xcconfig */;
			buildSettings = {
				ASSETCATALOG_COMPILER_APPICON_NAME = AppIcon;
				CODE_SIGN_STYLE = Automatic;
				DEVELOPMENT_TEAM = W76H98A34A;
				INFOPLIST_FILE = Dash/Info.plist;
				LD_RUNPATH_SEARCH_PATHS = (
					"$(inherited)",
					"@executable_path/Frameworks",
				);
				PRODUCT_BUNDLE_IDENTIFIER = nus.cs3217.Dash;
				PRODUCT_NAME = "$(TARGET_NAME)";
				SWIFT_VERSION = 4.2;
				TARGETED_DEVICE_FAMILY = "1,2";
			};
			name = Release;
		};
		D7D427DE2259275F002912C3 /* Debug */ = {
			isa = XCBuildConfiguration;
			buildSettings = {
				BUNDLE_LOADER = "$(TEST_HOST)";
				CODE_SIGN_STYLE = Automatic;
				DEVELOPMENT_TEAM = W76H98A34A;
				INFOPLIST_FILE = DashTests/Info.plist;
				LD_RUNPATH_SEARCH_PATHS = (
					"$(inherited)",
					"@executable_path/Frameworks",
					"@loader_path/Frameworks",
				);
				PRODUCT_BUNDLE_IDENTIFIER = nus.cs3217.DashTests;
				PRODUCT_NAME = "$(TARGET_NAME)";
				SWIFT_VERSION = 4.2;
				TARGETED_DEVICE_FAMILY = "1,2";
				TEST_HOST = "$(BUILT_PRODUCTS_DIR)/Dash.app/Dash";
			};
			name = Debug;
		};
		D7D427DF2259275F002912C3 /* Release */ = {
			isa = XCBuildConfiguration;
			buildSettings = {
				BUNDLE_LOADER = "$(TEST_HOST)";
				CODE_SIGN_STYLE = Automatic;
				DEVELOPMENT_TEAM = W76H98A34A;
				INFOPLIST_FILE = DashTests/Info.plist;
				LD_RUNPATH_SEARCH_PATHS = (
					"$(inherited)",
					"@executable_path/Frameworks",
					"@loader_path/Frameworks",
				);
				PRODUCT_BUNDLE_IDENTIFIER = nus.cs3217.DashTests;
				PRODUCT_NAME = "$(TARGET_NAME)";
				SWIFT_VERSION = 4.2;
				TARGETED_DEVICE_FAMILY = "1,2";
				TEST_HOST = "$(BUILT_PRODUCTS_DIR)/Dash.app/Dash";
			};
			name = Release;
		};
/* End XCBuildConfiguration section */

/* Begin XCConfigurationList section */
		D7CFAFCF223F7B4B002FA5F5 /* Build configuration list for PBXProject "Dash" */ = {
			isa = XCConfigurationList;
			buildConfigurations = (
				D7CFAFEA223F7B4D002FA5F5 /* Debug */,
				D7CFAFEB223F7B4D002FA5F5 /* Release */,
			);
			defaultConfigurationIsVisible = 0;
			defaultConfigurationName = Release;
		};
		D7CFAFEC223F7B4D002FA5F5 /* Build configuration list for PBXNativeTarget "Dash" */ = {
			isa = XCConfigurationList;
			buildConfigurations = (
				D7CFAFED223F7B4D002FA5F5 /* Debug */,
				D7CFAFEE223F7B4D002FA5F5 /* Release */,
			);
			defaultConfigurationIsVisible = 0;
			defaultConfigurationName = Release;
		};
		D7D427DD2259275F002912C3 /* Build configuration list for PBXNativeTarget "DashTests" */ = {
			isa = XCConfigurationList;
			buildConfigurations = (
				D7D427DE2259275F002912C3 /* Debug */,
				D7D427DF2259275F002912C3 /* Release */,
			);
			defaultConfigurationIsVisible = 0;
			defaultConfigurationName = Release;
		};
/* End XCConfigurationList section */
	};
	rootObject = D7CFAFCC223F7B4B002FA5F5 /* Project object */;
}
